
Microsoft Visual Studio Solution File, Format Version 12.00
# Visual Studio Version 17
VisualStudioVersion = 17.14.36121.58 d17.14
MinimumVisualStudioVersion = 10.0.40219.1
Project("{8BC9CEB8-8B4A-11D0-8D11-00A0C91BC942}") = "x64emu", "x64emu\x64emu.vcxproj", "{259935E7-011B-4A07-B449-4BFD94DABFCF}"
EndProject
Global
	GlobalSection(SolutionConfigurationPlatforms) = preSolution
		Debug|x64 = Debug|x64
		Debug|x86 = Debug|x86
		Release|x64 = Release|x64
		Release|x86 = Release|x86
	EndGlobalSection
	GlobalSection(ProjectConfigurationPlatforms) = postSolution
		{259935E7-011B-4A07-B449-4BFD94DABFCF}.Debug|x64.ActiveCfg = Debug|x64
		{259935E7-011B-4A07-B449-4BFD94DABFCF}.Debug|x64.Build.0 = Debug|x64
		{259935E7-011B-4A07-B449-4BFD94DABFCF}.Debug|x86.ActiveCfg = Debug|Win32
		{259935E7-011B-4A07-B449-4BFD94DABFCF}.Debug|x86.Build.0 = Debug|Win32
		{259935E7-011B-4A07-B449-4BFD94DABFCF}.Release|x64.ActiveCfg = Release|x64
		{259935E7-011B-4A07-B449-4BFD94DABFCF}.Release|x64.Build.0 = Release|x64
		{259935E7-011B-4A07-B449-4BFD94DABFCF}.Release|x86.ActiveCfg = Release|Win32
		{259935E7-011B-4A07-B449-4BFD94DABFCF}.Release|x86.Build.0 = Release|Win32
	EndGlobalSection
	GlobalSection(SolutionProperties) = preSolution
		HideSolutionNode = FALSE
	EndGlobalSection
	GlobalSection(ExtensibilityGlobals) = postSolution
		SolutionGuid = {0D09F242-AF06-4AEE-BD8E-EB2D9FE38E85}
	EndGlobalSection
EndGlobal
